
Microsoft Visual Studio Solution File, Format Version 12.00
# Visual Studio Version 17
VisualStudioVersion = 17.14.36414.22
MinimumVisualStudioVersion = 10.0.40219.1
Project("{FAE04EC0-301F-11D3-BF4B-00C04F79EFBC}") = "Application", "src\Application\Application.csproj", "{967C3BF0-6352-4046-908C-DC2A1740C400}"
EndProject
Project("{FAE04EC0-301F-11D3-BF4B-00C04F79EFBC}") = "Application_v6", "src\Application_v6\Application_v6.csproj", "{E4CF47DA-FC4A-45F9-A508-FDD46823ABAD}"
EndProject
Project("{FAE04EC0-301F-11D3-BF4B-00C04F79EFBC}") = "Application_TV", "src\Application_TV\Application_TV.csproj", "{E8696A56-10A1-4063-82A8-1D574DE58E53}"
EndProject
Global
	GlobalSection(SolutionConfigurationPlatforms) = preSolution
		Debug|Any CPU = Debug|Any CPU
		Release|Any CPU = Release|Any CPU
	EndGlobalSection
	GlobalSection(ProjectConfigurationPlatforms) = postSolution
		{967C3BF0-6352-4046-908C-DC2A1740C400}.Debug|Any CPU.ActiveCfg = Debug|Any CPU
		{967C3BF0-6352-4046-908C-DC2A1740C400}.Debug|Any CPU.Build.0 = Debug|Any CPU
		{967C3BF0-6352-4046-908C-DC2A1740C400}.Release|Any CPU.ActiveCfg = Release|Any CPU
		{967C3BF0-6352-4046-908C-DC2A1740C400}.Release|Any CPU.Build.0 = Release|Any CPU
		{E4CF47DA-FC4A-45F9-A508-FDD46823ABAD}.Debug|Any CPU.ActiveCfg = Debug|Any CPU
		{E4CF47DA-FC4A-45F9-A508-FDD46823ABAD}.Debug|Any CPU.Build.0 = Debug|Any CPU
		{E4CF47DA-FC4A-45F9-A508-FDD46823ABAD}.Release|Any CPU.ActiveCfg = Release|Any CPU
		{E4CF47DA-FC4A-45F9-A508-FDD46823ABAD}.Release|Any CPU.Build.0 = Release|Any CPU
		{E8696A56-10A1-4063-82A8-1D574DE58E53}.Debug|Any CPU.ActiveCfg = Debug|Any CPU
		{E8696A56-10A1-4063-82A8-1D574DE58E53}.Debug|Any CPU.Build.0 = Debug|Any CPU
		{E8696A56-10A1-4063-82A8-1D574DE58E53}.Release|Any CPU.ActiveCfg = Release|Any CPU
		{E8696A56-10A1-4063-82A8-1D574DE58E53}.Release|Any CPU.Build.0 = Release|Any CPU
	EndGlobalSection
	GlobalSection(SolutionProperties) = preSolution
		HideSolutionNode = FALSE
	EndGlobalSection
	GlobalSection(ExtensibilityGlobals) = postSolution
		SolutionGuid = {79768C25-AA7E-49BB-BFCA-0274EF323BA4}
	EndGlobalSection
EndGlobal
